PODS:
  - SnapKit (5.7.1)
  - YYText (1.0.7)

DEPENDENCIES:
  - SnapKit (~> 5.7)
  - YYText (~> 1.0.7)

SPEC REPOS:
  trunk:
    - SnapKit
    - YYText

SPEC CHECKSUMS:
  SnapKit: d612e99e678a2d3b95bf60b0705ed0a35c03484a
  YYText: 5c461d709e24d55a182d1441c41dc639a18a4849

PODFILE CHECKSUM: c0d6a0580b61383d60b81e7ef40663b68e605584

COCOAPODS: 1.16.2
